
Microsoft Visual Studio Solution File, Format Version 12.00
# Visual Studio 14
VisualStudioVersion = 14.0.25420.1
MinimumVisualStudioVersion = 10.0.40219.1
Project("{FAE04EC0-301F-11D3-BF4B-00C04F79EFBC}") = "NLogInjector", "NLogInjector\NLogInjector.csproj", "{2F5A729B-F8F6-4637-9BEF-B22C2351571F}"
EndProject
Project("{FAE04EC0-301F-11D3-BF4B-00C04F79EFBC}") = "NLogInjector.Sample", "NLogInjector.Sample\NLogInjector.Sample.csproj", "{436C055E-C06F-4AD9-AB8B-7F1322E47E44}"
EndProject
Project("{FAE04EC0-301F-11D3-BF4B-00C04F79EFBC}") = "NLogInjector.UnitTests", "NLogInjector.UnitTests\NLogInjector.UnitTests.csproj", "{43592065-3612-487E-91F2-F80DF30118A6}"
EndProject
Project("{2150E333-8FDC-42A3-9474-1A3956D46DE8}") = "build", "build", "{2B69373E-5EF6-4CEC-894B-4A2924833BBE}"
	ProjectSection(SolutionItems) = preProject
		.travis.yml = .travis.yml
		appveyor.yml = appveyor.yml
	EndProjectSection
EndProject
Global
	GlobalSection(SolutionConfigurationPlatforms) = preSolution
		Debug|Any CPU = Debug|Any CPU
		Release|Any CPU = Release|Any CPU
	EndGlobalSection
	GlobalSection(ProjectConfigurationPlatforms) = postSolution
		{2F5A729B-F8F6-4637-9BEF-B22C2351571F}.Debug|Any CPU.ActiveCfg = Debug|Any CPU
		{2F5A729B-F8F6-4637-9BEF-B22C2351571F}.Debug|Any CPU.Build.0 = Debug|Any CPU
		{2F5A729B-F8F6-4637-9BEF-B22C2351571F}.Release|Any CPU.ActiveCfg = Release|Any CPU
		{2F5A729B-F8F6-4637-9BEF-B22C2351571F}.Release|Any CPU.Build.0 = Release|Any CPU
		{436C055E-C06F-4AD9-AB8B-7F1322E47E44}.Debug|Any CPU.ActiveCfg = Debug|Any CPU
		{436C055E-C06F-4AD9-AB8B-7F1322E47E44}.Debug|Any CPU.Build.0 = Debug|Any CPU
		{436C055E-C06F-4AD9-AB8B-7F1322E47E44}.Release|Any CPU.ActiveCfg = Release|Any CPU
		{436C055E-C06F-4AD9-AB8B-7F1322E47E44}.Release|Any CPU.Build.0 = Release|Any CPU
		{43592065-3612-487E-91F2-F80DF30118A6}.Debug|Any CPU.ActiveCfg = Debug|Any CPU
		{43592065-3612-487E-91F2-F80DF30118A6}.Debug|Any CPU.Build.0 = Debug|Any CPU
		{43592065-3612-487E-91F2-F80DF30118A6}.Release|Any CPU.ActiveCfg = Release|Any CPU
		{43592065-3612-487E-91F2-F80DF30118A6}.Release|Any CPU.Build.0 = Release|Any CPU
	EndGlobalSection
	GlobalSection(SolutionProperties) = preSolution
		HideSolutionNode = FALSE
	EndGlobalSection
EndGlobal
